{
    "_readme": [
        "This file locks the dependencies of your project to a known state",
        "Read more about it at https://getcomposer.org/doc/01-basic-usage.md#composer-lock-the-lock-file",
        "This file is @generated automatically"
    ],
    "content-hash": "00ee0a8e23272f5c0e4bc1ff6d216d65",
    "packages": [
        {
            "name": "voceconnect/post-selection-ui",
            "version": "1.2.4",
            "source": {
                "type": "git",
                "url": "https://github.com/voceconnect/post-selection-ui.git",
                "reference": "7ff07c6a7d053809bdeb5e78124a3ce41bb3faf9"
            },
            "dist": {
                "type": "zip",
                "url": "https://api.github.com/repos/voceconnect/post-selection-ui/zipball/7ff07c6a7d053809bdeb5e78124a3ce41bb3faf9",
                "reference": "7ff07c6a7d053809bdeb5e78124a3ce41bb3faf9",
                "shasum": ""
            },
            "type": "library",
            "autoload": {
                "classmap": [
                    "src/Post_Selection_Box.php",
                    "src/Post_Selection_UI.php"
                ],
                "files": [
                    "post-selection-ui.php",
                    "src/functions.php"
                ]
            },
            "notification-url": "https://packagist.org/downloads/",
            "license": [
                "GPLv2+"
            ],
            "authors": [
                {
                    "name": "Gary Smirny",
                    "email": "gary@voceconnect.com"
                },
                {
                    "name": "Mat Gargano",
                    "email": "mat@voceconnect.com"
                },
                {
                    "name": "Michael Pretty",
                    "email": "mpretty@voceconnect.com"
                }
            ],
            "description": "A WordPress library to display a user interface to easily select posts from any post type",
            "time": "2015-08-20T14:38:22+00:00"
        }
    ],
    "packages-dev": [],
    "aliases": [],
    "minimum-stability": "stable",
    "stability-flags": [],
    "prefer-stable": false,
    "prefer-lowest": false,
    "platform": [],
    "platform-dev": []
}
